
Microsoft Visual Studio Solution File, Format Version 12.00
# Visual Studio Version 17
VisualStudioVersion = 17.0.32112.339
MinimumVisualStudioVersion = 15.0.26124.0
Project("{9A19103F-16F7-4668-BE54-9A1E7A4F7556}") = "Spestqnko.Api", "Spestqnko.Api\Spestqnko.Api.csproj", "{5BF79A29-C9BC-4BA5-83BF-9EA067E61F5D}"
EndProject
Project("{9A19103F-16F7-4668-BE54-9A1E7A4F7556}") = "Spestqnko.Data", "Spestqnko.Data\Spestqnko.Data.csproj", "{55E4F889-FF53-4268-8D26-06938C8E93D9}"
EndProject
Project("{FAE04EC0-301F-11D3-BF4B-00C04F79EFBC}") = "Spestqnko.Core", "Spestqnko.Core\Spestqnko.Core.csproj", "{4BA43C76-AEA7-477F-93A6-5165B65FE784}"
EndProject
Project("{FAE04EC0-301F-11D3-BF4B-00C04F79EFBC}") = "Spestqnko.Service", "Spestqnko.Service\Spestqnko.Service.csproj", "{C74B85DF-BE66-45C3-8836-63EE0000BC3F}"
EndProject
Global
	GlobalSection(SolutionConfigurationPlatforms) = preSolution
		Debug|Any CPU = Debug|Any CPU
		Release|Any CPU = Release|Any CPU
	EndGlobalSection
	GlobalSection(ProjectConfigurationPlatforms) = postSolution
		{5BF79A29-C9BC-4BA5-83BF-9EA067E61F5D}.Debug|Any CPU.ActiveCfg = Debug|Any CPU
		{5BF79A29-C9BC-4BA5-83BF-9EA067E61F5D}.Debug|Any CPU.Build.0 = Debug|Any CPU
		{5BF79A29-C9BC-4BA5-83BF-9EA067E61F5D}.Release|Any CPU.ActiveCfg = Release|Any CPU
		{5BF79A29-C9BC-4BA5-83BF-9EA067E61F5D}.Release|Any CPU.Build.0 = Release|Any CPU
		{55E4F889-FF53-4268-8D26-06938C8E93D9}.Debug|Any CPU.ActiveCfg = Debug|Any CPU
		{55E4F889-FF53-4268-8D26-06938C8E93D9}.Debug|Any CPU.Build.0 = Debug|Any CPU
		{55E4F889-FF53-4268-8D26-06938C8E93D9}.Release|Any CPU.ActiveCfg = Release|Any CPU
		{55E4F889-FF53-4268-8D26-06938C8E93D9}.Release|Any CPU.Build.0 = Release|Any CPU
		{4BA43C76-AEA7-477F-93A6-5165B65FE784}.Debug|Any CPU.ActiveCfg = Debug|Any CPU
		{4BA43C76-AEA7-477F-93A6-5165B65FE784}.Debug|Any CPU.Build.0 = Debug|Any CPU
		{4BA43C76-AEA7-477F-93A6-5165B65FE784}.Release|Any CPU.ActiveCfg = Release|Any CPU
		{4BA43C76-AEA7-477F-93A6-5165B65FE784}.Release|Any CPU.Build.0 = Release|Any CPU
		{C74B85DF-BE66-45C3-8836-63EE0000BC3F}.Debug|Any CPU.ActiveCfg = Debug|Any CPU
		{C74B85DF-BE66-45C3-8836-63EE0000BC3F}.Debug|Any CPU.Build.0 = Debug|Any CPU
		{C74B85DF-BE66-45C3-8836-63EE0000BC3F}.Release|Any CPU.ActiveCfg = Release|Any CPU
		{C74B85DF-BE66-45C3-8836-63EE0000BC3F}.Release|Any CPU.Build.0 = Release|Any CPU
	EndGlobalSection
	GlobalSection(SolutionProperties) = preSolution
		HideSolutionNode = FALSE
	EndGlobalSection
	GlobalSection(ExtensibilityGlobals) = postSolution
		SolutionGuid = {B75E03B9-187E-4DB8-802A-1139C878BAC8}
	EndGlobalSection
EndGlobal
